<Solution>
  <Folder Name="/src/">
    <Project Path="src/Novolis.Avalonia.Layout/Novolis.Avalonia.Layout.csproj" />
    <Project Path="src/Novolis.Avalonia.Controls/Novolis.Avalonia.Controls.csproj" />
    <Project Path="src/Novolis.Avalonia.Video/Novolis.Avalonia.Video.csproj" />
    <Project Path="src/Novolis.Avalonia.Audio/Novolis.Avalonia.Audio.csproj" />
    <Project Path="src/Novolis.Avalonia.Rendering/Novolis.Avalonia.Rendering.csproj" />
    <Project Path="src/Novolis.Avalonia.Gaming/Novolis.Avalonia.Gaming.csproj" />
    <Project Path="src/Novolis.Avalonia.Raylib/Novolis.Avalonia.Raylib.csproj" />
    <Project Path="src/Novolis.Avalonia.Studio/Novolis.Avalonia.Studio.csproj" />
    <Project Path="src/Novolis.Avalonia.Packaging.Inno/Novolis.Avalonia.Packaging.Inno.csproj" />
    <Project Path="src/Novolis.Avalonia.Live/Novolis.Avalonia.Live.csproj" />
    <Project Path="src/Novolis.Avalonia.Voice/Novolis.Avalonia.Voice.csproj" />
    <Project Path="src/Novolis.Avalonia.Timeline/Novolis.Avalonia.Timeline.csproj" />
    <Project Path="src/Novolis.Avalonia.Markdown/Novolis.Avalonia.Markdown.csproj" />
    <Project Path="src/Novolis.Avalonia.Mermaid/Novolis.Avalonia.Mermaid.csproj" />
    <Project Path="src/Novolis.Avalonia.StarMap/Novolis.Avalonia.StarMap.csproj" />
    <Project Path="src/Novolis.Avalonia.Briefing/Novolis.Avalonia.Briefing.csproj" />
    <Project Path="src/Novolis.Avalonia.Cad/Novolis.Avalonia.Cad.csproj" />
    <Project Path="src/Novolis.Avalonia.Agent.Protocol/Novolis.Avalonia.Agent.Protocol.csproj" />
    <Project Path="src/Novolis.Avalonia.Agent/Novolis.Avalonia.Agent.csproj" />
    <Project Path="src/Novolis.Avalonia.3D/Novolis.Avalonia.3D.csproj" />
    <Project Path="src/Novolis.Avalonia.Mobile/Novolis.Avalonia.Mobile.csproj" />
    <Project Path="src/Novolis.Avalonia.Mobile.Desktop/Novolis.Avalonia.Mobile.Desktop.csproj" />
  </Folder>
  <Folder Name="/tests/">
    <Project Path="tests/Novolis.Avalonia.Unit/Novolis.Avalonia.Unit.csproj" />
    <Project Path="tests/Novolis.Avalonia.Live.Unit/Novolis.Avalonia.Live.Unit.csproj" />
    <Project Path="tests/Novolis.Avalonia.Scene3D.Unit/Novolis.Avalonia.Scene3D.Unit.csproj" />
  </Folder>
</Solution>
